
Microsoft Visual Studio Solution File, Format Version 12.00
# Visual Studio Version 17
VisualStudioVersion = 17.11.35208.52
MinimumVisualStudioVersion = 10.0.40219.1
Project("{FAE04EC0-301F-11D3-BF4B-00C04F79EFBC}") = "ContadorLetraA", "ContadorLetraA\ContadorLetraA.csproj", "{4D214C80-E4F8-4192-A5FD-22C25BBCFBC5}"
EndProject
Global
	GlobalSection(SolutionConfigurationPlatforms) = preSolution
		Debug|Any CPU = Debug|Any CPU
		Release|Any CPU = Release|Any CPU
	EndGlobalSection
	GlobalSection(ProjectConfigurationPlatforms) = postSolution
		{4D214C80-E4F8-4192-A5FD-22C25BBCFBC5}.Debug|Any CPU.ActiveCfg = Debug|Any CPU
		{4D214C80-E4F8-4192-A5FD-22C25BBCFBC5}.Debug|Any CPU.Build.0 = Debug|Any CPU
		{4D214C80-E4F8-4192-A5FD-22C25BBCFBC5}.Release|Any CPU.ActiveCfg = Release|Any CPU
		{4D214C80-E4F8-4192-A5FD-22C25BBCFBC5}.Release|Any CPU.Build.0 = Release|Any CPU
	EndGlobalSection
	GlobalSection(SolutionProperties) = preSolution
		HideSolutionNode = FALSE
	EndGlobalSection
	GlobalSection(ExtensibilityGlobals) = postSolution
		SolutionGuid = {417FDE6A-4284-4BF2-90B5-E6CFC6BA86EA}
	EndGlobalSection
EndGlobal
